
Microsoft Visual Studio Solution File, Format Version 12.00
# Visual Studio Version 16
VisualStudioVersion = 16.0.31729.503
MinimumVisualStudioVersion = 10.0.40219.1
Project("{FAE04EC0-301F-11D3-BF4B-00C04F79EFBC}") = "20211107_4", "20211107_4\20211107_4.csproj", "{D91A703D-5787-4AFA-B0BE-44170F309667}"
EndProject
Global
	GlobalSection(SolutionConfigurationPlatforms) = preSolution
		Debug|Any CPU = Debug|Any CPU
		Release|Any CPU = Release|Any CPU
	EndGlobalSection
	GlobalSection(ProjectConfigurationPlatforms) = postSolution
		{D91A703D-5787-4AFA-B0BE-44170F309667}.Debug|Any CPU.ActiveCfg = Debug|Any CPU
		{D91A703D-5787-4AFA-B0BE-44170F309667}.Debug|Any CPU.Build.0 = Debug|Any CPU
		{D91A703D-5787-4AFA-B0BE-44170F309667}.Release|Any CPU.ActiveCfg = Release|Any CPU
		{D91A703D-5787-4AFA-B0BE-44170F309667}.Release|Any CPU.Build.0 = Release|Any CPU
	EndGlobalSection
	GlobalSection(SolutionProperties) = preSolution
		HideSolutionNode = FALSE
	EndGlobalSection
	GlobalSection(ExtensibilityGlobals) = postSolution
		SolutionGuid = {3FBDE610-AE26-4C41-A2DB-49B16D898DC6}
	EndGlobalSection
EndGlobal
